
Microsoft Visual Studio Solution File, Format Version 12.00
# Visual Studio Version 17
VisualStudioVersion = 17.9.34607.119
MinimumVisualStudioVersion = 10.0.40219.1
Project("{9A19103F-16F7-4668-BE54-9A1E7A4F7556}") = "Bimbrownik-API", "Bimbrownik-API.csproj", "{4A007046-C6C1-4B37-AD22-7C5F8F7BECE5}"
EndProject
Global
	GlobalSection(SolutionConfigurationPlatforms) = preSolution
		Debug|Any CPU = Debug|Any CPU
		Release|Any CPU = Release|Any CPU
	EndGlobalSection
	GlobalSection(ProjectConfigurationPlatforms) = postSolution
		{4A007046-C6C1-4B37-AD22-7C5F8F7BECE5}.Debug|Any CPU.ActiveCfg = Debug|Any CPU
		{4A007046-C6C1-4B37-AD22-7C5F8F7BECE5}.Debug|Any CPU.Build.0 = Debug|Any CPU
		{4A007046-C6C1-4B37-AD22-7C5F8F7BECE5}.Release|Any CPU.ActiveCfg = Release|Any CPU
		{4A007046-C6C1-4B37-AD22-7C5F8F7BECE5}.Release|Any CPU.Build.0 = Release|Any CPU
	EndGlobalSection
	GlobalSection(SolutionProperties) = preSolution
		HideSolutionNode = FALSE
	EndGlobalSection
	GlobalSection(ExtensibilityGlobals) = postSolution
		SolutionGuid = {678C1F3E-99D4-47EC-A64A-3D091F6D2FAF}
	EndGlobalSection
EndGlobal
